
Microsoft Visual Studio Solution File, Format Version 12.00
# Visual Studio Version 17
VisualStudioVersion = 17.14.36518.9
MinimumVisualStudioVersion = 10.0.40219.1
Project("{FAE04EC0-301F-11D3-BF4B-00C04F79EFBC}") = "AAI_Utils", "AAI_Utils\AAI_Utils.csproj", "{51972F79-0E62-4E40-BEBE-CEA00D067BE7}"
EndProject
Project("{FAE04EC0-301F-11D3-BF4B-00C04F79EFBC}") = "AAI_WebApp", "AAI_WebApp\AAI_WebApp.csproj", "{E6BF11C4-796B-418F-A573-0DF4271D1CA4}"
EndProject
Project("{FAE04EC0-301F-11D3-BF4B-00C04F79EFBC}") = "PokerBot", "PokerBot\PokerBot.csproj", "{4CFC312B-60C7-4620-BE91-2DBA43EC9539}"
EndProject
Project("{FAE04EC0-301F-11D3-BF4B-00C04F79EFBC}") = "PokerEngine", "PokerEngine\PokerEngine.csproj", "{A412862C-E665-4A34-9623-864031602800}"
EndProject
Project("{FAE04EC0-301F-11D3-BF4B-00C04F79EFBC}") = "Analytics", "ThreatNLP\Analytics.csproj", "{B2B5F2EA-A24D-D1F4-0D28-C8EB950D6668}"
EndProject
Project("{FAE04EC0-301F-11D3-BF4B-00C04F79EFBC}") = "Top10ContentWords", "Top10ContentWords\Top10ContentWords.csproj", "{56AAA8AB-68BD-4278-9217-D42C00A943FE}"
EndProject
Project("{FAE04EC0-301F-11D3-BF4B-00C04F79EFBC}") = "LocalComponents", "LocalComponents\LocalComponents.csproj", "{16DFCAFD-7052-AD5F-50CA-9ED72B8D6642}"
EndProject
Project("{FAE04EC0-301F-11D3-BF4B-00C04F79EFBC}") = "WcfService1", "WcfService1\WcfService1.csproj", "{C71641F1-B87B-43F3-99D7-C3C3845617B9}"
EndProject
Project("{FAE04EC0-301F-11D3-BF4B-00C04F79EFBC}") = "WebApplication1", "WebApplication1\WebApplication1.csproj", "{1E6B6B7C-2433-4A66-B3B2-3A62D49B87D3}"
EndProject
Global
	GlobalSection(SolutionConfigurationPlatforms) = preSolution
		Debug|Any CPU = Debug|Any CPU
		Release|Any CPU = Release|Any CPU
	EndGlobalSection
	GlobalSection(ProjectConfigurationPlatforms) = postSolution
		{51972F79-0E62-4E40-BEBE-CEA00D067BE7}.Debug|Any CPU.ActiveCfg = Debug|Any CPU
		{51972F79-0E62-4E40-BEBE-CEA00D067BE7}.Debug|Any CPU.Build.0 = Debug|Any CPU
		{51972F79-0E62-4E40-BEBE-CEA00D067BE7}.Release|Any CPU.ActiveCfg = Release|Any CPU
		{51972F79-0E62-4E40-BEBE-CEA00D067BE7}.Release|Any CPU.Build.0 = Release|Any CPU
		{E6BF11C4-796B-418F-A573-0DF4271D1CA4}.Debug|Any CPU.ActiveCfg = Debug|Any CPU
		{E6BF11C4-796B-418F-A573-0DF4271D1CA4}.Debug|Any CPU.Build.0 = Debug|Any CPU
		{E6BF11C4-796B-418F-A573-0DF4271D1CA4}.Release|Any CPU.ActiveCfg = Release|Any CPU
		{E6BF11C4-796B-418F-A573-0DF4271D1CA4}.Release|Any CPU.Build.0 = Release|Any CPU
		{4CFC312B-60C7-4620-BE91-2DBA43EC9539}.Debug|Any CPU.ActiveCfg = Debug|Any CPU
		{4CFC312B-60C7-4620-BE91-2DBA43EC9539}.Debug|Any CPU.Build.0 = Debug|Any CPU
		{4CFC312B-60C7-4620-BE91-2DBA43EC9539}.Release|Any CPU.ActiveCfg = Release|Any CPU
		{4CFC312B-60C7-4620-BE91-2DBA43EC9539}.Release|Any CPU.Build.0 = Release|Any CPU
		{A412862C-E665-4A34-9623-864031602800}.Debug|Any CPU.ActiveCfg = Debug|Any CPU
		{A412862C-E665-4A34-9623-864031602800}.Debug|Any CPU.Build.0 = Debug|Any CPU
		{A412862C-E665-4A34-9623-864031602800}.Release|Any CPU.ActiveCfg = Release|Any CPU
		{A412862C-E665-4A34-9623-864031602800}.Release|Any CPU.Build.0 = Release|Any CPU
		{B2B5F2EA-A24D-D1F4-0D28-C8EB950D6668}.Debug|Any CPU.ActiveCfg = Debug|Any CPU
		{B2B5F2EA-A24D-D1F4-0D28-C8EB950D6668}.Debug|Any CPU.Build.0 = Debug|Any CPU
		{B2B5F2EA-A24D-D1F4-0D28-C8EB950D6668}.Release|Any CPU.ActiveCfg = Release|Any CPU
		{B2B5F2EA-A24D-D1F4-0D28-C8EB950D6668}.Release|Any CPU.Build.0 = Release|Any CPU
		{56AAA8AB-68BD-4278-9217-D42C00A943FE}.Debug|Any CPU.ActiveCfg = Debug|Any CPU
		{56AAA8AB-68BD-4278-9217-D42C00A943FE}.Debug|Any CPU.Build.0 = Debug|Any CPU
		{56AAA8AB-68BD-4278-9217-D42C00A943FE}.Release|Any CPU.ActiveCfg = Release|Any CPU
		{56AAA8AB-68BD-4278-9217-D42C00A943FE}.Release|Any CPU.Build.0 = Release|Any CPU
		{16DFCAFD-7052-AD5F-50CA-9ED72B8D6642}.Debug|Any CPU.ActiveCfg = Debug|Any CPU
		{16DFCAFD-7052-AD5F-50CA-9ED72B8D6642}.Debug|Any CPU.Build.0 = Debug|Any CPU
		{16DFCAFD-7052-AD5F-50CA-9ED72B8D6642}.Release|Any CPU.ActiveCfg = Release|Any CPU
		{16DFCAFD-7052-AD5F-50CA-9ED72B8D6642}.Release|Any CPU.Build.0 = Release|Any CPU
		{C71641F1-B87B-43F3-99D7-C3C3845617B9}.Debug|Any CPU.ActiveCfg = Debug|Any CPU
		{C71641F1-B87B-43F3-99D7-C3C3845617B9}.Debug|Any CPU.Build.0 = Debug|Any CPU
		{C71641F1-B87B-43F3-99D7-C3C3845617B9}.Release|Any CPU.ActiveCfg = Release|Any CPU
		{C71641F1-B87B-43F3-99D7-C3C3845617B9}.Release|Any CPU.Build.0 = Release|Any CPU
		{1E6B6B7C-2433-4A66-B3B2-3A62D49B87D3}.Debug|Any CPU.ActiveCfg = Debug|Any CPU
		{1E6B6B7C-2433-4A66-B3B2-3A62D49B87D3}.Debug|Any CPU.Build.0 = Debug|Any CPU
		{1E6B6B7C-2433-4A66-B3B2-3A62D49B87D3}.Release|Any CPU.ActiveCfg = Release|Any CPU
		{1E6B6B7C-2433-4A66-B3B2-3A62D49B87D3}.Release|Any CPU.Build.0 = Release|Any CPU
	EndGlobalSection
	GlobalSection(SolutionProperties) = preSolution
		HideSolutionNode = FALSE
	EndGlobalSection
	GlobalSection(ExtensibilityGlobals) = postSolution
		SolutionGuid = {A29A6C4F-B6FA-4499-BA1A-C536E60D3AEA}
	EndGlobalSection
EndGlobal
